
Microsoft Visual Studio Solution File, Format Version 12.00
# Visual Studio 15
VisualStudioVersion = 15.0.28307.757
MinimumVisualStudioVersion = 10.0.40219.1
Project("{2150E333-8FDC-42A3-9474-1A3956D46DE8}") = "API", "API", "{8521F99A-CC51-45F0-83F8-89B3968F62E6}"
EndProject
Project("{2150E333-8FDC-42A3-9474-1A3956D46DE8}") = "Adapter", "Adapter", "{061827A6-BA49-4296-9551-4734E40F815A}"
EndProject
Project("{2150E333-8FDC-42A3-9474-1A3956D46DE8}") = "Contracts", "Contracts", "{6E28B232-C05B-428F-A9D7-CD8C6791D089}"
EndProject
Project("{2150E333-8FDC-42A3-9474-1A3956D46DE8}") = "Services", "Services", "{A0CE9DAD-4171-4CCF-BF21-95548C6FC329}"
EndProject
Project("{9A19103F-16F7-4668-BE54-9A1E7A4F7556}") = "ConceirgeDinning.Adapter.Zomato", "ConceirgeDinning.Adapter.Zomato\ConceirgeDinning.Adapter.Zomato.csproj", "{6CDC17AD-DF88-446D-A99D-7FC9276C97DE}"
EndProject
Project("{9A19103F-16F7-4668-BE54-9A1E7A4F7556}") = "ConceirgeDinning.Adapter.USRestaraunt", "ConceirgeDinning.Adapter.USRestaraunt\ConceirgeDinning.Adapter.USRestaraunt.csproj", "{7D9538C7-0BAB-4384-8433-4F43E3120859}"
EndProject
Project("{9A19103F-16F7-4668-BE54-9A1E7A4F7556}") = "ConceirgeDinning.Adapter.Geocoder.xyz", "ConceirgeDinning.Adapter.Geocoder.xyz\ConceirgeDinning.Adapter.Geocoder.xyz.csproj", "{F0EA01C4-1360-4FD7-B885-21B149B0D410}"
EndProject
Project("{9A19103F-16F7-4668-BE54-9A1E7A4F7556}") = "ConceirgeDinning.API", "ConceirgeDinning.API\ConceirgeDinning.API.csproj", "{5867FB6C-6FC8-4F39-A1CB-8FCB1C57E453}"
EndProject
Project("{9A19103F-16F7-4668-BE54-9A1E7A4F7556}") = "ConceirgeDinning.Contracts.Models", "ConceirgeDinning.Core.Models\ConceirgeDinning.Contracts.Models.csproj", "{83C13CFD-3ECD-4B6D-9B47-94D6E021F208}"
EndProject
Project("{9A19103F-16F7-4668-BE54-9A1E7A4F7556}") = "ConceirgeDinning.ServicesImplementation", "ConceirgeDinning.Core.ServicesImplementation\ConceirgeDinning.ServicesImplementation.csproj", "{01E9023F-236F-4D8B-82D7-47737C4D09A1}"
EndProject
Project("{9A19103F-16F7-4668-BE54-9A1E7A4F7556}") = "ConceirgeDinningContracts.Services", "ConceiseDinning.Services\ConceirgeDinningContracts.Services.csproj", "{045D5A28-69DB-4799-9BAF-3181F4721418}"
EndProject
Project("{9A19103F-16F7-4668-BE54-9A1E7A4F7556}") = "ConceirgeDinning.API.Tests", "ConceirgeDinning.Core.ServiceImplementation.Test\ConceirgeDinning.API.Tests.csproj", "{C4524B8D-1EEE-43FA-A648-90BB07295ACF}"
EndProject
Project("{2150E333-8FDC-42A3-9474-1A3956D46DE8}") = "DAL", "DAL", "{5A094FFA-D402-4A89-AC3C-E3F52137D0E6}"
EndProject
Project("{9A19103F-16F7-4668-BE54-9A1E7A4F7556}") = "ConceirgeDiningDAL", "ConceirgeDiningDAL\ConceirgeDiningDAL.csproj", "{F4F16E9E-83B8-45A0-B495-C267FCA06EDA}"
EndProject
Project("{9A19103F-16F7-4668-BE54-9A1E7A4F7556}") = "ConceirgeDining.Middleware", "ConceirgeDining.Middleware\ConceirgeDining.Middleware.csproj", "{80DAD82B-7559-4866-9C6A-F53B3C65652D}"
EndProject
Project("{FAE04EC0-301F-11D3-BF4B-00C04F79EFBC}") = "ConceirgeDinning.Adapter.DialougFlow.cs", "ConceirgeDinning.Adapter.DialougFlow.cs\ConceirgeDinning.Adapter.DialougFlow.cs.csproj", "{86BBE1EB-E3DA-4FAD-B27E-FB2FE581FD49}"
EndProject
Global
	GlobalSection(SolutionConfigurationPlatforms) = preSolution
		Debug|Any CPU = Debug|Any CPU
		Release|Any CPU = Release|Any CPU
	EndGlobalSection
	GlobalSection(ProjectConfigurationPlatforms) = postSolution
		{6CDC17AD-DF88-446D-A99D-7FC9276C97DE}.Debug|Any CPU.ActiveCfg = Debug|Any CPU
		{6CDC17AD-DF88-446D-A99D-7FC9276C97DE}.Debug|Any CPU.Build.0 = Debug|Any CPU
		{6CDC17AD-DF88-446D-A99D-7FC9276C97DE}.Release|Any CPU.ActiveCfg = Release|Any CPU
		{6CDC17AD-DF88-446D-A99D-7FC9276C97DE}.Release|Any CPU.Build.0 = Release|Any CPU
		{7D9538C7-0BAB-4384-8433-4F43E3120859}.Debug|Any CPU.ActiveCfg = Debug|Any CPU
		{7D9538C7-0BAB-4384-8433-4F43E3120859}.Debug|Any CPU.Build.0 = Debug|Any CPU
		{7D9538C7-0BAB-4384-8433-4F43E3120859}.Release|Any CPU.ActiveCfg = Release|Any CPU
		{7D9538C7-0BAB-4384-8433-4F43E3120859}.Release|Any CPU.Build.0 = Release|Any CPU
		{F0EA01C4-1360-4FD7-B885-21B149B0D410}.Debug|Any CPU.ActiveCfg = Debug|Any CPU
		{F0EA01C4-1360-4FD7-B885-21B149B0D410}.Debug|Any CPU.Build.0 = Debug|Any CPU
		{F0EA01C4-1360-4FD7-B885-21B149B0D410}.Release|Any CPU.ActiveCfg = Release|Any CPU
		{F0EA01C4-1360-4FD7-B885-21B149B0D410}.Release|Any CPU.Build.0 = Release|Any CPU
		{5867FB6C-6FC8-4F39-A1CB-8FCB1C57E453}.Debug|Any CPU.ActiveCfg = Debug|Any CPU
		{5867FB6C-6FC8-4F39-A1CB-8FCB1C57E453}.Debug|Any CPU.Build.0 = Debug|Any CPU
		{5867FB6C-6FC8-4F39-A1CB-8FCB1C57E453}.Release|Any CPU.ActiveCfg = Release|Any CPU
		{5867FB6C-6FC8-4F39-A1CB-8FCB1C57E453}.Release|Any CPU.Build.0 = Release|Any CPU
		{83C13CFD-3ECD-4B6D-9B47-94D6E021F208}.Debug|Any CPU.ActiveCfg = Debug|Any CPU
		{83C13CFD-3ECD-4B6D-9B47-94D6E021F208}.Debug|Any CPU.Build.0 = Debug|Any CPU
		{83C13CFD-3ECD-4B6D-9B47-94D6E021F208}.Release|Any CPU.ActiveCfg = Release|Any CPU
		{83C13CFD-3ECD-4B6D-9B47-94D6E021F208}.Release|Any CPU.Build.0 = Release|Any CPU
		{01E9023F-236F-4D8B-82D7-47737C4D09A1}.Debug|Any CPU.ActiveCfg = Debug|Any CPU
		{01E9023F-236F-4D8B-82D7-47737C4D09A1}.Debug|Any CPU.Build.0 = Debug|Any CPU
		{01E9023F-236F-4D8B-82D7-47737C4D09A1}.Release|Any CPU.ActiveCfg = Release|Any CPU
		{01E9023F-236F-4D8B-82D7-47737C4D09A1}.Release|Any CPU.Build.0 = Release|Any CPU
		{045D5A28-69DB-4799-9BAF-3181F4721418}.Debug|Any CPU.ActiveCfg = Debug|Any CPU
		{045D5A28-69DB-4799-9BAF-3181F4721418}.Debug|Any CPU.Build.0 = Debug|Any CPU
		{045D5A28-69DB-4799-9BAF-3181F4721418}.Release|Any CPU.ActiveCfg = Release|Any CPU
		{045D5A28-69DB-4799-9BAF-3181F4721418}.Release|Any CPU.Build.0 = Release|Any CPU
		{C4524B8D-1EEE-43FA-A648-90BB07295ACF}.Debug|Any CPU.ActiveCfg = Debug|Any CPU
		{C4524B8D-1EEE-43FA-A648-90BB07295ACF}.Debug|Any CPU.Build.0 = Debug|Any CPU
		{C4524B8D-1EEE-43FA-A648-90BB07295ACF}.Release|Any CPU.ActiveCfg = Release|Any CPU
		{C4524B8D-1EEE-43FA-A648-90BB07295ACF}.Release|Any CPU.Build.0 = Release|Any CPU
		{F4F16E9E-83B8-45A0-B495-C267FCA06EDA}.Debug|Any CPU.ActiveCfg = Debug|Any CPU
		{F4F16E9E-83B8-45A0-B495-C267FCA06EDA}.Debug|Any CPU.Build.0 = Debug|Any CPU
		{F4F16E9E-83B8-45A0-B495-C267FCA06EDA}.Release|Any CPU.ActiveCfg = Release|Any CPU
		{F4F16E9E-83B8-45A0-B495-C267FCA06EDA}.Release|Any CPU.Build.0 = Release|Any CPU
		{80DAD82B-7559-4866-9C6A-F53B3C65652D}.Debug|Any CPU.ActiveCfg = Debug|Any CPU
		{80DAD82B-7559-4866-9C6A-F53B3C65652D}.Debug|Any CPU.Build.0 = Debug|Any CPU
		{80DAD82B-7559-4866-9C6A-F53B3C65652D}.Release|Any CPU.ActiveCfg = Release|Any CPU
		{80DAD82B-7559-4866-9C6A-F53B3C65652D}.Release|Any CPU.Build.0 = Release|Any CPU
		{86BBE1EB-E3DA-4FAD-B27E-FB2FE581FD49}.Debug|Any CPU.ActiveCfg = Debug|Any CPU
		{86BBE1EB-E3DA-4FAD-B27E-FB2FE581FD49}.Debug|Any CPU.Build.0 = Debug|Any CPU
		{86BBE1EB-E3DA-4FAD-B27E-FB2FE581FD49}.Release|Any CPU.ActiveCfg = Release|Any CPU
		{86BBE1EB-E3DA-4FAD-B27E-FB2FE581FD49}.Release|Any CPU.Build.0 = Release|Any CPU
	EndGlobalSection
	GlobalSection(SolutionProperties) = preSolution
		HideSolutionNode = FALSE
	EndGlobalSection
	GlobalSection(NestedProjects) = preSolution
		{6CDC17AD-DF88-446D-A99D-7FC9276C97DE} = {061827A6-BA49-4296-9551-4734E40F815A}
		{7D9538C7-0BAB-4384-8433-4F43E3120859} = {061827A6-BA49-4296-9551-4734E40F815A}
		{F0EA01C4-1360-4FD7-B885-21B149B0D410} = {061827A6-BA49-4296-9551-4734E40F815A}
		{5867FB6C-6FC8-4F39-A1CB-8FCB1C57E453} = {8521F99A-CC51-45F0-83F8-89B3968F62E6}
		{83C13CFD-3ECD-4B6D-9B47-94D6E021F208} = {6E28B232-C05B-428F-A9D7-CD8C6791D089}
		{01E9023F-236F-4D8B-82D7-47737C4D09A1} = {A0CE9DAD-4171-4CCF-BF21-95548C6FC329}
		{045D5A28-69DB-4799-9BAF-3181F4721418} = {6E28B232-C05B-428F-A9D7-CD8C6791D089}
		{C4524B8D-1EEE-43FA-A648-90BB07295ACF} = {8521F99A-CC51-45F0-83F8-89B3968F62E6}
		{F4F16E9E-83B8-45A0-B495-C267FCA06EDA} = {5A094FFA-D402-4A89-AC3C-E3F52137D0E6}
		{80DAD82B-7559-4866-9C6A-F53B3C65652D} = {A0CE9DAD-4171-4CCF-BF21-95548C6FC329}
		{86BBE1EB-E3DA-4FAD-B27E-FB2FE581FD49} = {061827A6-BA49-4296-9551-4734E40F815A}
	EndGlobalSection
	GlobalSection(ExtensibilityGlobals) = postSolution
		SolutionGuid = {138378C9-B37D-499B-AB20-4E8541DD5B2D}
	EndGlobalSection
EndGlobal
